
Microsoft Visual Studio Solution File, Format Version 12.00
# Visual Studio Version 17
VisualStudioVersion = 17.0.31903.59
MinimumVisualStudioVersion = 10.0.40219.1
Project("{FAE04EC0-301F-11D3-BF4B-00C04F79EFBC}") = "ExpenseTracker.Api", "ExpenseTracker.Api\ExpenseTracker.Api.csproj", "{FE86A3C4-71A5-4AAA-A98A-67E0087CE2FB}"
EndProject
Project("{2150E333-8FDC-42A3-9474-1A3956D46DE8}") = "Tests", "Tests", "{0AB3BF05-4346-4AA6-1389-037BE0695223}"
EndProject
Project("{FAE04EC0-301F-11D3-BF4B-00C04F79EFBC}") = "ExpenseTracker.Api.Tests", "Tests\ExpenseTracker.Api.Tests\ExpenseTracker.Api.Tests.csproj", "{CCF1CA2A-63F8-4ED3-92A1-A5356254DF67}"
EndProject
Global
	GlobalSection(SolutionConfigurationPlatforms) = preSolution
		Debug|Any CPU = Debug|Any CPU
		Debug|x64 = Debug|x64
		Debug|x86 = Debug|x86
		Release|Any CPU = Release|Any CPU
		Release|x64 = Release|x64
		Release|x86 = Release|x86
	EndGlobalSection
	GlobalSection(ProjectConfigurationPlatforms) = postSolution
		{FE86A3C4-71A5-4AAA-A98A-67E0087CE2FB}.Debug|Any CPU.ActiveCfg = Debug|Any CPU
		{FE86A3C4-71A5-4AAA-A98A-67E0087CE2FB}.Debug|Any CPU.Build.0 = Debug|Any CPU
		{FE86A3C4-71A5-4AAA-A98A-67E0087CE2FB}.Debug|x64.ActiveCfg = Debug|Any CPU
		{FE86A3C4-71A5-4AAA-A98A-67E0087CE2FB}.Debug|x64.Build.0 = Debug|Any CPU
		{FE86A3C4-71A5-4AAA-A98A-67E0087CE2FB}.Debug|x86.ActiveCfg = Debug|Any CPU
		{FE86A3C4-71A5-4AAA-A98A-67E0087CE2FB}.Debug|x86.Build.0 = Debug|Any CPU
		{FE86A3C4-71A5-4AAA-A98A-67E0087CE2FB}.Release|Any CPU.ActiveCfg = Release|Any CPU
		{FE86A3C4-71A5-4AAA-A98A-67E0087CE2FB}.Release|Any CPU.Build.0 = Release|Any CPU
		{FE86A3C4-71A5-4AAA-A98A-67E0087CE2FB}.Release|x64.ActiveCfg = Release|Any CPU
		{FE86A3C4-71A5-4AAA-A98A-67E0087CE2FB}.Release|x64.Build.0 = Release|Any CPU
		{FE86A3C4-71A5-4AAA-A98A-67E0087CE2FB}.Release|x86.ActiveCfg = Release|Any CPU
		{FE86A3C4-71A5-4AAA-A98A-67E0087CE2FB}.Release|x86.Build.0 = Release|Any CPU
		{CCF1CA2A-63F8-4ED3-92A1-A5356254DF67}.Debug|Any CPU.ActiveCfg = Debug|Any CPU
		{CCF1CA2A-63F8-4ED3-92A1-A5356254DF67}.Debug|Any CPU.Build.0 = Debug|Any CPU
		{CCF1CA2A-63F8-4ED3-92A1-A5356254DF67}.Debug|x64.ActiveCfg = Debug|Any CPU
		{CCF1CA2A-63F8-4ED3-92A1-A5356254DF67}.Debug|x64.Build.0 = Debug|Any CPU
		{CCF1CA2A-63F8-4ED3-92A1-A5356254DF67}.Debug|x86.ActiveCfg = Debug|Any CPU
		{CCF1CA2A-63F8-4ED3-92A1-A5356254DF67}.Debug|x86.Build.0 = Debug|Any CPU
		{CCF1CA2A-63F8-4ED3-92A1-A5356254DF67}.Release|Any CPU.ActiveCfg = Release|Any CPU
		{CCF1CA2A-63F8-4ED3-92A1-A5356254DF67}.Release|Any CPU.Build.0 = Release|Any CPU
		{CCF1CA2A-63F8-4ED3-92A1-A5356254DF67}.Release|x64.ActiveCfg = Release|Any CPU
		{CCF1CA2A-63F8-4ED3-92A1-A5356254DF67}.Release|x64.Build.0 = Release|Any CPU
		{CCF1CA2A-63F8-4ED3-92A1-A5356254DF67}.Release|x86.ActiveCfg = Release|Any CPU
		{CCF1CA2A-63F8-4ED3-92A1-A5356254DF67}.Release|x86.Build.0 = Release|Any CPU
	EndGlobalSection
	GlobalSection(SolutionProperties) = preSolution
		HideSolutionNode = FALSE
	EndGlobalSection
	GlobalSection(NestedProjects) = preSolution
		{CCF1CA2A-63F8-4ED3-92A1-A5356254DF67} = {0AB3BF05-4346-4AA6-1389-037BE0695223}
	EndGlobalSection
EndGlobal
